
Microsoft Visual Studio Solution File, Format Version 12.00
# Visual Studio Version 16
VisualStudioVersion = 16.0.30907.101
MinimumVisualStudioVersion = 10.0.40219.1
Project("{FAE04EC0-301F-11D3-BF4B-00C04F79EFBC}") = "rabbmitMQServer", "rabbmitMQServer\rabbmitMQServer.csproj", "{5537BB37-1753-495B-A1EA-D9AE951D5BEF}"
EndProject
Global
	GlobalSection(SolutionConfigurationPlatforms) = preSolution
		Debug|Any CPU = Debug|Any CPU
		Release|Any CPU = Release|Any CPU
	EndGlobalSection
	GlobalSection(ProjectConfigurationPlatforms) = postSolution
		{5537BB37-1753-495B-A1EA-D9AE951D5BEF}.Debug|Any CPU.ActiveCfg = Debug|Any CPU
		{5537BB37-1753-495B-A1EA-D9AE951D5BEF}.Debug|Any CPU.Build.0 = Debug|Any CPU
		{5537BB37-1753-495B-A1EA-D9AE951D5BEF}.Release|Any CPU.ActiveCfg = Release|Any CPU
		{5537BB37-1753-495B-A1EA-D9AE951D5BEF}.Release|Any CPU.Build.0 = Release|Any CPU
	EndGlobalSection
	GlobalSection(SolutionProperties) = preSolution
		HideSolutionNode = FALSE
	EndGlobalSection
	GlobalSection(ExtensibilityGlobals) = postSolution
		SolutionGuid = {08FC18B5-A729-445F-9F98-8A8FC3A11718}
	EndGlobalSection
EndGlobal
